
Microsoft Visual Studio Solution File, Format Version 12.00
# Visual Studio Version 17
VisualStudioVersion = 17.8.34330.188
MinimumVisualStudioVersion = 10.0.40219.1
Project("{FAE04EC0-301F-11D3-BF4B-00C04F79EFBC}") = "advent3", "advent3\advent3.csproj", "{6345C5E5-12FD-4C0A-A509-A6815A4195A0}"
EndProject
Global
	GlobalSection(SolutionConfigurationPlatforms) = preSolution
		Debug|Any CPU = Debug|Any CPU
		Release|Any CPU = Release|Any CPU
	EndGlobalSection
	GlobalSection(ProjectConfigurationPlatforms) = postSolution
		{6345C5E5-12FD-4C0A-A509-A6815A4195A0}.Debug|Any CPU.ActiveCfg = Debug|Any CPU
		{6345C5E5-12FD-4C0A-A509-A6815A4195A0}.Debug|Any CPU.Build.0 = Debug|Any CPU
		{6345C5E5-12FD-4C0A-A509-A6815A4195A0}.Release|Any CPU.ActiveCfg = Release|Any CPU
		{6345C5E5-12FD-4C0A-A509-A6815A4195A0}.Release|Any CPU.Build.0 = Release|Any CPU
	EndGlobalSection
	GlobalSection(SolutionProperties) = preSolution
		HideSolutionNode = FALSE
	EndGlobalSection
	GlobalSection(ExtensibilityGlobals) = postSolution
		SolutionGuid = {F6531CDD-C828-44D8-8CD7-522632BB89E1}
	EndGlobalSection
EndGlobal
